
Microsoft Visual Studio Solution File, Format Version 12.00
# Visual Studio Version 17
VisualStudioVersion = 17.0.31903.59
MinimumVisualStudioVersion = 10.0.40219.1
Project("{2150E333-8FDC-42A3-9474-1A3956D46DE8}") = "src", "src", "{827E0CD3-B72D-47B6-A68D-7590B98EB39B}"
EndProject
Project("{FAE04EC0-301F-11D3-BF4B-00C04F79EFBC}") = "LogisticsFlow.Domain", "src\LogisticsFlow.Domain\LogisticsFlow.Domain.csproj", "{605D4ABA-CCCD-46D3-9084-602335623CE7}"
EndProject
Project("{FAE04EC0-301F-11D3-BF4B-00C04F79EFBC}") = "LogisticsFlow.Application", "src\LogisticsFlow.Application\LogisticsFlow.Application.csproj", "{B276DFB0-F347-48BB-8389-89F01A093D27}"
EndProject
Project("{FAE04EC0-301F-11D3-BF4B-00C04F79EFBC}") = "LogisticsFlow.Infrastructure", "src\LogisticsFlow.Infrastructure\LogisticsFlow.Infrastructure.csproj", "{50F11A2E-51B3-4A1E-BED6-E2925628827F}"
EndProject
Project("{FAE04EC0-301F-11D3-BF4B-00C04F79EFBC}") = "LogisticsFlow.API", "src\LogisticsFlow.API\LogisticsFlow.API.csproj", "{15A6BE25-B8AC-4925-9DE8-6CD511B3BAA1}"
EndProject
Project("{2150E333-8FDC-42A3-9474-1A3956D46DE8}") = "tests", "tests", "{0AB3BF05-4346-4AA6-1389-037BE0695223}"
EndProject
Project("{FAE04EC0-301F-11D3-BF4B-00C04F79EFBC}") = "LogisticsFlow.Application.Tests", "tests\LogisticsFlow.Application.Tests\LogisticsFlow.Application.Tests.csproj", "{04D635D9-B5B3-4DA1-BB74-7E4FF2F863F1}"
EndProject
Global
	GlobalSection(SolutionConfigurationPlatforms) = preSolution
		Debug|Any CPU = Debug|Any CPU
		Debug|x64 = Debug|x64
		Debug|x86 = Debug|x86
		Release|Any CPU = Release|Any CPU
		Release|x64 = Release|x64
		Release|x86 = Release|x86
	EndGlobalSection
	GlobalSection(ProjectConfigurationPlatforms) = postSolution
		{605D4ABA-CCCD-46D3-9084-602335623CE7}.Debug|Any CPU.ActiveCfg = Debug|Any CPU
		{605D4ABA-CCCD-46D3-9084-602335623CE7}.Debug|Any CPU.Build.0 = Debug|Any CPU
		{605D4ABA-CCCD-46D3-9084-602335623CE7}.Debug|x64.ActiveCfg = Debug|Any CPU
		{605D4ABA-CCCD-46D3-9084-602335623CE7}.Debug|x64.Build.0 = Debug|Any CPU
		{605D4ABA-CCCD-46D3-9084-602335623CE7}.Debug|x86.ActiveCfg = Debug|Any CPU
		{605D4ABA-CCCD-46D3-9084-602335623CE7}.Debug|x86.Build.0 = Debug|Any CPU
		{605D4ABA-CCCD-46D3-9084-602335623CE7}.Release|Any CPU.ActiveCfg = Release|Any CPU
		{605D4ABA-CCCD-46D3-9084-602335623CE7}.Release|Any CPU.Build.0 = Release|Any CPU
		{605D4ABA-CCCD-46D3-9084-602335623CE7}.Release|x64.ActiveCfg = Release|Any CPU
		{605D4ABA-CCCD-46D3-9084-602335623CE7}.Release|x64.Build.0 = Release|Any CPU
		{605D4ABA-CCCD-46D3-9084-602335623CE7}.Release|x86.ActiveCfg = Release|Any CPU
		{605D4ABA-CCCD-46D3-9084-602335623CE7}.Release|x86.Build.0 = Release|Any CPU
		{B276DFB0-F347-48BB-8389-89F01A093D27}.Debug|Any CPU.ActiveCfg = Debug|Any CPU
		{B276DFB0-F347-48BB-8389-89F01A093D27}.Debug|Any CPU.Build.0 = Debug|Any CPU
		{B276DFB0-F347-48BB-8389-89F01A093D27}.Debug|x64.ActiveCfg = Debug|Any CPU
		{B276DFB0-F347-48BB-8389-89F01A093D27}.Debug|x64.Build.0 = Debug|Any CPU
		{B276DFB0-F347-48BB-8389-89F01A093D27}.Debug|x86.ActiveCfg = Debug|Any CPU
		{B276DFB0-F347-48BB-8389-89F01A093D27}.Debug|x86.Build.0 = Debug|Any CPU
		{B276DFB0-F347-48BB-8389-89F01A093D27}.Release|Any CPU.ActiveCfg = Release|Any CPU
		{B276DFB0-F347-48BB-8389-89F01A093D27}.Release|Any CPU.Build.0 = Release|Any CPU
		{B276DFB0-F347-48BB-8389-89F01A093D27}.Release|x64.ActiveCfg = Release|Any CPU
		{B276DFB0-F347-48BB-8389-89F01A093D27}.Release|x64.Build.0 = Release|Any CPU
		{B276DFB0-F347-48BB-8389-89F01A093D27}.Release|x86.ActiveCfg = Release|Any CPU
		{B276DFB0-F347-48BB-8389-89F01A093D27}.Release|x86.Build.0 = Release|Any CPU
		{50F11A2E-51B3-4A1E-BED6-E2925628827F}.Debug|Any CPU.ActiveCfg = Debug|Any CPU
		{50F11A2E-51B3-4A1E-BED6-E2925628827F}.Debug|Any CPU.Build.0 = Debug|Any CPU
		{50F11A2E-51B3-4A1E-BED6-E2925628827F}.Debug|x64.ActiveCfg = Debug|Any CPU
		{50F11A2E-51B3-4A1E-BED6-E2925628827F}.Debug|x64.Build.0 = Debug|Any CPU
		{50F11A2E-51B3-4A1E-BED6-E2925628827F}.Debug|x86.ActiveCfg = Debug|Any CPU
		{50F11A2E-51B3-4A1E-BED6-E2925628827F}.Debug|x86.Build.0 = Debug|Any CPU
		{50F11A2E-51B3-4A1E-BED6-E2925628827F}.Release|Any CPU.ActiveCfg = Release|Any CPU
		{50F11A2E-51B3-4A1E-BED6-E2925628827F}.Release|Any CPU.Build.0 = Release|Any CPU
		{50F11A2E-51B3-4A1E-BED6-E2925628827F}.Release|x64.ActiveCfg = Release|Any CPU
		{50F11A2E-51B3-4A1E-BED6-E2925628827F}.Release|x64.Build.0 = Release|Any CPU
		{50F11A2E-51B3-4A1E-BED6-E2925628827F}.Release|x86.ActiveCfg = Release|Any CPU
		{50F11A2E-51B3-4A1E-BED6-E2925628827F}.Release|x86.Build.0 = Release|Any CPU
		{15A6BE25-B8AC-4925-9DE8-6CD511B3BAA1}.Debug|Any CPU.ActiveCfg = Debug|Any CPU
		{15A6BE25-B8AC-4925-9DE8-6CD511B3BAA1}.Debug|Any CPU.Build.0 = Debug|Any CPU
		{15A6BE25-B8AC-4925-9DE8-6CD511B3BAA1}.Debug|x64.ActiveCfg = Debug|Any CPU
		{15A6BE25-B8AC-4925-9DE8-6CD511B3BAA1}.Debug|x64.Build.0 = Debug|Any CPU
		{15A6BE25-B8AC-4925-9DE8-6CD511B3BAA1}.Debug|x86.ActiveCfg = Debug|Any CPU
		{15A6BE25-B8AC-4925-9DE8-6CD511B3BAA1}.Debug|x86.Build.0 = Debug|Any CPU
		{15A6BE25-B8AC-4925-9DE8-6CD511B3BAA1}.Release|Any CPU.ActiveCfg = Release|Any CPU
		{15A6BE25-B8AC-4925-9DE8-6CD511B3BAA1}.Release|Any CPU.Build.0 = Release|Any CPU
		{15A6BE25-B8AC-4925-9DE8-6CD511B3BAA1}.Release|x64.ActiveCfg = Release|Any CPU
		{15A6BE25-B8AC-4925-9DE8-6CD511B3BAA1}.Release|x64.Build.0 = Release|Any CPU
		{15A6BE25-B8AC-4925-9DE8-6CD511B3BAA1}.Release|x86.ActiveCfg = Release|Any CPU
		{15A6BE25-B8AC-4925-9DE8-6CD511B3BAA1}.Release|x86.Build.0 = Release|Any CPU
		{04D635D9-B5B3-4DA1-BB74-7E4FF2F863F1}.Debug|Any CPU.ActiveCfg = Debug|Any CPU
		{04D635D9-B5B3-4DA1-BB74-7E4FF2F863F1}.Debug|Any CPU.Build.0 = Debug|Any CPU
		{04D635D9-B5B3-4DA1-BB74-7E4FF2F863F1}.Debug|x64.ActiveCfg = Debug|Any CPU
		{04D635D9-B5B3-4DA1-BB74-7E4FF2F863F1}.Debug|x64.Build.0 = Debug|Any CPU
		{04D635D9-B5B3-4DA1-BB74-7E4FF2F863F1}.Debug|x86.ActiveCfg = Debug|Any CPU
		{04D635D9-B5B3-4DA1-BB74-7E4FF2F863F1}.Debug|x86.Build.0 = Debug|Any CPU
		{04D635D9-B5B3-4DA1-BB74-7E4FF2F863F1}.Release|Any CPU.ActiveCfg = Release|Any CPU
		{04D635D9-B5B3-4DA1-BB74-7E4FF2F863F1}.Release|Any CPU.Build.0 = Release|Any CPU
		{04D635D9-B5B3-4DA1-BB74-7E4FF2F863F1}.Release|x64.ActiveCfg = Release|Any CPU
		{04D635D9-B5B3-4DA1-BB74-7E4FF2F863F1}.Release|x64.Build.0 = Release|Any CPU
		{04D635D9-B5B3-4DA1-BB74-7E4FF2F863F1}.Release|x86.ActiveCfg = Release|Any CPU
		{04D635D9-B5B3-4DA1-BB74-7E4FF2F863F1}.Release|x86.Build.0 = Release|Any CPU
	EndGlobalSection
	GlobalSection(SolutionProperties) = preSolution
		HideSolutionNode = FALSE
	EndGlobalSection
	GlobalSection(NestedProjects) = preSolution
		{605D4ABA-CCCD-46D3-9084-602335623CE7} = {827E0CD3-B72D-47B6-A68D-7590B98EB39B}
		{B276DFB0-F347-48BB-8389-89F01A093D27} = {827E0CD3-B72D-47B6-A68D-7590B98EB39B}
		{50F11A2E-51B3-4A1E-BED6-E2925628827F} = {827E0CD3-B72D-47B6-A68D-7590B98EB39B}
		{15A6BE25-B8AC-4925-9DE8-6CD511B3BAA1} = {827E0CD3-B72D-47B6-A68D-7590B98EB39B}
		{04D635D9-B5B3-4DA1-BB74-7E4FF2F863F1} = {0AB3BF05-4346-4AA6-1389-037BE0695223}
	EndGlobalSection
EndGlobal
